// !$*UTF8*$!
{
	archiveVersion = 1;
	classes = {
	};
	objectVersion = 46;
	objects = {

/* Begin PBXBuildFile section */
		05DE35C41A9254DA00B2BF70 /* AppDelegate.swift in Sources */ = {isa = PBXBuildFile; fileRef = 05DE35C31A9254DA00B2BF70 /* AppDelegate.swift */; };
		05DE35C71A9254DA00B2BF70 /* CoreMotion.xcdatamodeld in Sources */ = {isa = PBXBuildFile; fileRef = 05DE35C51A9254DA00B2BF70 /* CoreMotion.xcdatamodeld */; };
		05DE35C91A9254DA00B2BF70 /* ViewController.swift in Sources */ = {isa = PBXBuildFile; fileRef = 05DE35C81A9254DA00B2BF70 /* ViewController.swift */; };
		05DE35CC1A9254DA00B2BF70 /* Main.storyboard in Resources */ = {isa = PBXBuildFile; fileRef = 05DE35CA1A9254DA00B2BF70 /* Main.storyboard */; };
		05DE35CE1A9254DA00B2BF70 /* Images.xcassets in Resources */ = {isa = PBXBuildFile; fileRef = 05DE35CD1A9254DA00B2BF70 /* Images.xcassets */; };
		05DE35D11A9254DA00B2BF70 /* LaunchScreen.xib in Resources */ = {isa = PBXBuildFile; fileRef = 05DE35CF1A9254DA00B2BF70 /* LaunchScreen.xib */; };
		05DE35DD1A9254DA00B2BF70 /* CoreMotionTests.swift in Sources */ = {isa = PBXBuildFile; fileRef = 05DE35DC1A9254DA00B2BF70 /* CoreMotionTests.swift */; };
		05DE35E71A92552E00B2BF70 /* CoreMotion.framework in Frameworks */ = {isa = PBXBuildFile; fileRef = 05DE35E61A92552E00B2BF70 /* CoreMotion.framework */; };
/* End PBXBuildFile section */

/* Begin PBXContainerItemProxy section */
		05DE35D71A9254DA00B2BF70 /* PBXContainerItemProxy */ = {
			isa = PBXContainerItemProxy;
			containerPortal = 05DE35B61A9254DA00B2BF70 /* Project object */;
			proxyType = 1;
			remoteGlobalIDString = 05DE35BD1A9254DA00B2BF70;
			remoteInfo = CoreMotion;
		};
/* End PBXContainerItemProxy section */

/* Begin PBXFileReference section */
		05DE35BE1A9254DA00B2BF70 /* CoreMotion.app */ = {isa = PBXFileReference; explicitFileType = wrapper.application; includeInIndex = 0; path = CoreMotion.app; sourceTree = BUILT_PRODUCTS_DIR; };
		05DE35C21A9254DA00B2BF70 /* Info.plist */ = {isa = PBXFileReference; lastKnownFileType = text.plist.xml; path = Info.plist; sourceTree = "<group>"; };
		05DE35C31A9254DA00B2BF70 /* AppDelegate.swift */ = {isa = PBXFileReference; lastKnownFileType = sourcecode.swift; path = AppDelegate.swift; sourceTree = "<group>"; };
		05DE35C61A9254DA00B2BF70 /* CoreMotion.xcdatamodel */ = {isa = PBXFileReference; lastKnownFileType = wrapper.xcdatamodel; path = CoreMotion.xcdatamodel; sourceTree = "<group>"; };
		05DE35C81A9254DA00B2BF70 /* ViewController.swift */ = {isa = PBXFileReference; lastKnownFileType = sourcecode.swift; path = ViewController.swift; sourceTree = "<group>"; };
		05DE35CB1A9254DA00B2BF70 /* Base */ = {isa = PBXFileReference; lastKnownFileType = file.storyboard; name = Base; path = Base.lproj/Main.storyboard; sourceTree = "<group>"; };
		05DE35CD1A9254DA00B2BF70 /* Images.xcassets */ = {isa = PBXFileReference; lastKnownFileType = folder.assetcatalog; path = Images.xcassets; sourceTree = "<group>"; };
		05DE35D01A9254DA00B2BF70 /* Base */ = {isa = PBXFileReference; lastKnownFileType = file.xib; name = Base; path = Base.lproj/LaunchScreen.xib; sourceTree = "<group>"; };
		05DE35D61A9254DA00B2BF70 /* CoreMotionTests.xctest */ = {isa = PBXFileReference; explicitFileType = wrapper.cfbundle; includeInIndex = 0; path = CoreMotionTests.xctest; sourceTree = BUILT_PRODUCTS_DIR; };
		05DE35DB1A9254DA00B2BF70 /* Info.plist */ = {isa = PBXFileReference; lastKnownFileType = text.plist.xml; path = Info.plist; sourceTree = "<group>"; };
		05DE35DC1A9254DA00B2BF70 /* CoreMotionTests.swift */ = {isa = PBXFileReference; lastKnownFileType = sourcecode.swift; path = CoreMotionTests.swift; sourceTree = "<group>"; };
		05DE35E61A92552E00B2BF70 /* CoreMotion.framework */ = {isa = PBXFileReference; lastKnownFileType = wrapper.framework; name = CoreMotion.framework; path = System/Library/Frameworks/CoreMotion.framework; sourceTree = SDKROOT; };
/* End PBXFileReference section */

/* Begin PBXFrameworksBuildPhase section */
		05DE35BB1A9254DA00B2BF70 /* Frameworks */ = {
			isa = PBXFrameworksBuildPhase;
			buildActionMask = 2147483647;
			files = (
				05DE35E71A92552E00B2BF70 /* CoreMotion.framework in Frameworks */,
			);
			runOnlyForDeploymentPostprocessing = 0;
		};
		05DE35D31A9254DA00B2BF70 /* Frameworks */ = {
			isa = PBXFrameworksBuildPhase;
			buildActionMask = 2147483647;
			files = (
			);
			runOnlyForDeploymentPostprocessing = 0;
		};
/* End PBXFrameworksBuildPhase section */

/* Begin PBXGroup section */
		05DE35B51A9254DA00B2BF70 = {
			isa = PBXGroup;
			children = (
				05DE35E61A92552E00B2BF70 /* CoreMotion.framework */,
				05DE35C01A9254DA00B2BF70 /* CoreMotion */,
				05DE35D91A9254DA00B2BF70 /* CoreMotionTests */,
				05DE35BF1A9254DA00B2BF70 /* Products */,
			);
			sourceTree = "<group>";
		};
		05DE35BF1A9254DA00B2BF70 /* Products */ = {
			isa = PBXGroup;
			children = (
				05DE35BE1A9254DA00B2BF70 /* CoreMotion.app */,
				05DE35D61A9254DA00B2BF70 /* CoreMotionTests.xctest */,
			);
			name = Products;
			sourceTree = "<group>";
		};
		05DE35C01A9254DA00B2BF70 /* CoreMotion */ = {
			isa = PBXGroup;
			children = (
				05DE35C31A9254DA00B2BF70 /* AppDelegate.swift */,
				05DE35C81A9254DA00B2BF70 /* ViewController.swift */,
				05DE35CA1A9254DA00B2BF70 /* Main.storyboard */,
				05DE35CD1A9254DA00B2BF70 /* Images.xcassets */,
				05DE35CF1A9254DA00B2BF70 /* LaunchScreen.xib */,
				05DE35C51A9254DA00B2BF70 /* CoreMotion.xcdatamodeld */,
				05DE35C11A9254DA00B2BF70 /* Supporting Files */,
			);
			path = CoreMotion;
			sourceTree = "<group>";
		};
		05DE35C11A9254DA00B2BF70 /* Supporting Files */ = {
			isa = PBXGroup;
			children = (
				05DE35C21A9254DA00B2BF70 /* Info.plist */,
			);
			name = "Supporting Files";
			sourceTree = "<group>";
		};
		05DE35D91A9254DA00B2BF70 /* CoreMotionTests */ = {
			isa = PBXGroup;
			children = (
				05DE35DC1A9254DA00B2BF70 /* CoreMotionTests.swift */,
				05DE35DA1A9254DA00B2BF70 /* Supporting Files */,
			);
			path = CoreMotionTests;
			sourceTree = "<group>";
		};
		05DE35DA1A9254DA00B2BF70 /* Supporting Files */ = {
			isa = PBXGroup;
			children = (
				05DE35DB1A9254DA00B2BF70 /* Info.plist */,
			);
			name = "Supporting Files";
			sourceTree = "<group>";
		};
/* End PBXGroup section */

/* Begin PBXNativeTarget section */
		05DE35BD1A9254DA00B2BF70 /* CoreMotion */ = {
			isa = PBXNativeTarget;
			buildConfigurationList = 05DE35E01A9254DA00B2BF70 /* Build configuration list for PBXNativeTarget "CoreMotion" */;
			buildPhases = (
				05DE35BA1A9254DA00B2BF70 /* Sources */,
				05DE35BB1A9254DA00B2BF70 /* Frameworks */,
				05DE35BC1A9254DA00B2BF70 /* Resources */,
			);
			buildRules = (
			);
			dependencies = (
			);
			name = CoreMotion;
			productName = CoreMotion;
			productReference = 05DE35BE1A9254DA00B2BF70 /* CoreMotion.app */;
			productType = "com.apple.product-type.application";
		};
		05DE35D51A9254DA00B2BF70 /* CoreMotionTests */ = {
			isa = PBXNativeTarget;
			buildConfigurationList = 05DE35E31A9254DA00B2BF70 /* Build configuration list for PBXNativeTarget "CoreMotionTests" */;
			buildPhases = (
				05DE35D21A9254DA00B2BF70 /* Sources */,
				05DE35D31A9254DA00B2BF70 /* Frameworks */,
				05DE35D41A9254DA00B2BF70 /* Resources */,
			);
			buildRules = (
			);
			dependencies = (
				05DE35D81A9254DA00B2BF70 /* PBXTargetDependency */,
			);
			name = CoreMotionTests;
			productName = CoreMotionTests;
			productReference = 05DE35D61A9254DA00B2BF70 /* CoreMotionTests.xctest */;
			productType = "com.apple.product-type.bundle.unit-test";
		};
/* End PBXNativeTarget section */

/* Begin PBXProject section */
		05DE35B61A9254DA00B2BF70 /* Project object */ = {
			isa = PBXProject;
			attributes = {
				LastUpgradeCheck = 0610;
				ORGANIZATIONNAME = "User-3";
				TargetAttributes = {
					05DE35BD1A9254DA00B2BF70 = {
						CreatedOnToolsVersion = 6.1;
					};
					05DE35D51A9254DA00B2BF70 = {
						CreatedOnToolsVersion = 6.1;
						TestTargetID = 05DE35BD1A9254DA00B2BF70;
					};
				};
			};
			buildConfigurationList = 05DE35B91A9254DA00B2BF70 /* Build configuration list for PBXProject "CoreMotion" */;
			compatibilityVersion = "Xcode 3.2";
			developmentRegion = English;
			hasScannedForEncodings = 0;
			knownRegions = (
				en,
				Base,
			);
			mainGroup = 05DE35B51A9254DA00B2BF70;
			productRefGroup = 05DE35BF1A9254DA00B2BF70 /* Products */;
			projectDirPath = "";
			projectRoot = "";
			targets = (
				05DE35BD1A9254DA00B2BF70 /* CoreMotion */,
				05DE35D51A9254DA00B2BF70 /* CoreMotionTests */,
			);
		};
/* End PBXProject section */

/* Begin PBXResourcesBuildPhase section */
		05DE35BC1A9254DA00B2BF70 /* Resources */ = {
			isa = PBXResourcesBuildPhase;
			buildActionMask = 2147483647;
			files = (
				05DE35CC1A9254DA00B2BF70 /* Main.storyboard in Resources */,
				05DE35D11A9254DA00B2BF70 /* LaunchScreen.xib in Resources */,
				05DE35CE1A9254DA00B2BF70 /* Images.xcassets in Resources */,
			);
			runOnlyForDeploymentPostprocessing = 0;
		};
		05DE35D41A9254DA00B2BF70 /* Resources */ = {
			isa = PBXResourcesBuildPhase;
			buildActionMask = 2147483647;
			files = (
			);
			runOnlyForDeploymentPostprocessing = 0;
		};
/* End PBXResourcesBuildPhase section */

/* Begin PBXSourcesBuildPhase section */
		05DE35BA1A9254DA00B2BF70 /* Sources */ = {
			isa = PBXSourcesBuildPhase;
			buildActionMask = 2147483647;
			files = (
				05DE35C91A9254DA00B2BF70 /* ViewController.swift in Sources */,
				05DE35C71A9254DA00B2BF70 /* CoreMotion.xcdatamodeld in Sources */,
				05DE35C41A9254DA00B2BF70 /* AppDelegate.swift in Sources */,
			);
			runOnlyForDeploymentPostprocessing = 0;
		};
		05DE35D21A9254DA00B2BF70 /* Sources */ = {
			isa = PBXSourcesBuildPhase;
			buildActionMask = 2147483647;
			files = (
				05DE35DD1A9254DA00B2BF70 /* CoreMotionTests.swift in Sources */,
			);
			runOnlyForDeploymentPostprocessing = 0;
		};
/* End PBXSourcesBuildPhase section */

/* Begin PBXTargetDependency section */
		05DE35D81A9254DA00B2BF70 /* PBXTargetDependency */ = {
			isa = PBXTargetDependency;
			target = 05DE35BD1A9254DA00B2BF70 /* CoreMotion */;
			targetProxy = 05DE35D71A9254DA00B2BF70 /* PBXContainerItemProxy */;
		};
/* End PBXTargetDependency section */

/* Begin PBXVariantGroup section */
		05DE35CA1A9254DA00B2BF70 /* Main.storyboard */ = {
			isa = PBXVariantGroup;
			children = (
				05DE35CB1A9254DA00B2BF70 /* Base */,
			);
			name = Main.storyboard;
			sourceTree = "<group>";
		};
		05DE35CF1A9254DA00B2BF70 /* LaunchScreen.xib */ = {
			isa = PBXVariantGroup;
			children = (
				05DE35D01A9254DA00B2BF70 /* Base */,
			);
			name = LaunchScreen.xib;
			sourceTree = "<group>";
		};
/* End PBXVariantGroup section */

/* Begin XCBuildConfiguration section */
		05DE35DE1A9254DA00B2BF70 /* Debug */ = {
			isa = XCBuildConfiguration;
			buildSettings = {
				ALWAYS_SEARCH_USER_PATHS = NO;
				CLANG_CXX_LANGUAGE_STANDARD = "gnu++0x";
				CLANG_CXX_LIBRARY = "libc++";
				CLANG_ENABLE_MODULES = YES;
				CLANG_ENABLE_OBJC_ARC = YES;
				CLANG_WARN_BOOL_CONVERSION = YES;
				CLANG_WARN_CONSTANT_CONVERSION = YES;
				CLANG_WARN_DIRECT_OBJC_ISA_USAGE = YES_ERROR;
				CLANG_WARN_EMPTY_BODY = YES;
				CLANG_WARN_ENUM_CONVERSION = YES;
				CLANG_WARN_INT_CONVERSION = YES;
				CLANG_WARN_OBJC_ROOT_CLASS = YES_ERROR;
				CLANG_WARN_UNREACHABLE_CODE = YES;
				CLANG_WARN__DUPLICATE_METHOD_MATCH = YES;
				"CODE_SIGN_IDENTITY[sdk=iphoneos*]" = "iPhone Developer";
				COPY_PHASE_STRIP = NO;
				ENABLE_STRICT_OBJC_MSGSEND = YES;
				GCC_C_LANGUAGE_STANDARD = gnu99;
				GCC_DYNAMIC_NO_PIC = NO;
				GCC_OPTIMIZATION_LEVEL = 0;
				GCC_PREPROCESSOR_DEFINITIONS = (
					"DEBUG=1",
					"$(inherited)",
				);
				GCC_SYMBOLS_PRIVATE_EXTERN = NO;
				GCC_WARN_64_TO_32_BIT_CONVERSION = YES;
				GCC_WARN_ABOUT_RETURN_TYPE = YES_ERROR;
				GCC_WARN_UNDECLARED_SELECTOR = YES;
				GCC_WARN_UNINITIALIZED_AUTOS = YES_AGGRESSIVE;
				GCC_WARN_UNUSED_FUNCTION = YES;
				GCC_WARN_UNUSED_VARIABLE = YES;
				IPHONEOS_DEPLOYMENT_TARGET = 8.1;
				MTL_ENABLE_DEBUG_INFO = YES;
				ONLY_ACTIVE_ARCH = YES;
				SDKROOT = iphoneos;
				SWIFT_OPTIMIZATION_LEVEL = "-Onone";
				TARGETED_DEVICE_FAMILY = "1,2";
			};
			name = Debug;
		};
		05DE35DF1A9254DA00B2BF70 /* Release */ = {
			isa = XCBuildConfiguration;
			buildSettings = {
				ALWAYS_SEARCH_USER_PATHS = NO;
				CLANG_CXX_LANGUAGE_STANDARD = "gnu++0x";
				CLANG_CXX_LIBRARY = "libc++";
				CLANG_ENABLE_MODULES = YES;
				CLANG_ENABLE_OBJC_ARC = YES;
				CLANG_WARN_BOOL_CONVERSION = YES;
				CLANG_WARN_CONSTANT_CONVERSION = YES;
				CLANG_WARN_DIRECT_OBJC_ISA_USAGE = YES_ERROR;
				CLANG_WARN_EMPTY_BODY = YES;
				CLANG_WARN_ENUM_CONVERSION = YES;
				CLANG_WARN_INT_CONVERSION = YES;
				CLANG_WARN_OBJC_ROOT_CLASS = YES_ERROR;
				CLANG_WARN_UNREACHABLE_CODE = YES;
				CLANG_WARN__DUPLICATE_METHOD_MATCH = YES;
				"CODE_SIGN_IDENTITY[sdk=iphoneos*]" = "iPhone Developer";
				COPY_PHASE_STRIP = YES;
				ENABLE_NS_ASSERTIONS = NO;
				ENABLE_STRICT_OBJC_MSGSEND = YES;
				GCC_C_LANGUAGE_STANDARD = gnu99;
				GCC_WARN_64_TO_32_BIT_CONVERSION = YES;
				GCC_WARN_ABOUT_RETURN_TYPE = YES_ERROR;
				GCC_WARN_UNDECLARED_SELECTOR = YES;
				GCC_WARN_UNINITIALIZED_AUTOS = YES_AGGRESSIVE;
				GCC_WARN_UNUSED_FUNCTION = YES;
				GCC_WARN_UNUSED_VARIABLE = YES;
				IPHONEOS_DEPLOYMENT_TARGET = 8.1;
				MTL_ENABLE_DEBUG_INFO = NO;
				SDKROOT = iphoneos;
				TARGETED_DEVICE_FAMILY = "1,2";
				VALIDATE_PRODUCT = YES;
			};
			name = Release;
		};
		05DE35E11A9254DA00B2BF70 /* Debug */ = {
			isa = XCBuildConfiguration;
			buildSettings = {
				ASSETCATALOG_COMPILER_APPICON_NAME = AppIcon;
				CODE_SIGN_IDENTITY = "iPhone Developer";
				INFOPLIST_FILE = CoreMotion/Info.plist;
				LD_RUNPATH_SEARCH_PATHS = "$(inherited) @executable_path/Frameworks";
				PRODUCT_NAME = "$(TARGET_NAME)";
			};
			name = Debug;
		};
		05DE35E21A9254DA00B2BF70 /* Release */ = {
			isa = XCBuildConfiguration;
			buildSettings = {
				ASSETCATALOG_COMPILER_APPICON_NAME = AppIcon;
				INFOPLIST_FILE = CoreMotion/Info.plist;
				LD_RUNPATH_SEARCH_PATHS = "$(inherited) @executable_path/Frameworks";
				PRODUCT_NAME = "$(TARGET_NAME)";
			};
			name = Release;
		};
		05DE35E41A9254DA00B2BF70 /* Debug */ = {
			isa = XCBuildConfiguration;
			buildSettings = {
				BUNDLE_LOADER = "$(TEST_HOST)";
				FRAMEWORK_SEARCH_PATHS = (
					"$(SDKROOT)/Developer/Library/Frameworks",
					"$(inherited)",
				);
				GCC_PREPROCESSOR_DEFINITIONS = (
					"DEBUG=1",
					"$(inherited)",
				);
				INFOPLIST_FILE = CoreMotionTests/Info.plist;
				LD_RUNPATH_SEARCH_PATHS = "$(inherited) @executable_path/Frameworks @loader_path/Frameworks";
				PRODUCT_NAME = "$(TARGET_NAME)";
				TEST_HOST = "$(BUILT_PRODUCTS_DIR)/CoreMotion.app/CoreMotion";
			};
			name = Debug;
		};
		05DE35E51A9254DA00B2BF70 /* Release */ = {
			isa = XCBuildConfiguration;
			buildSettings = {
				BUNDLE_LOADER = "$(TEST_HOST)";
				FRAMEWORK_SEARCH_PATHS = (
					"$(SDKROOT)/Developer/Library/Frameworks",
					"$(inherited)",
				);
				INFOPLIST_FILE = CoreMotionTests/Info.plist;
				LD_RUNPATH_SEARCH_PATHS = "$(inherited) @executable_path/Frameworks @loader_path/Frameworks";
				PRODUCT_NAME = "$(TARGET_NAME)";
				TEST_HOST = "$(BUILT_PRODUCTS_DIR)/CoreMotion.app/CoreMotion";
			};
			name = Release;
		};
/* End XCBuildConfiguration section */

/* Begin XCConfigurationList section */
		05DE35B91A9254DA00B2BF70 /* Build configuration list for PBXProject "CoreMotion" */ = {
			isa = XCConfigurationList;
			buildConfigurations = (
				05DE35DE1A9254DA00B2BF70 /* Debug */,
				05DE35DF1A9254DA00B2BF70 /* Release */,
			);
			defaultConfigurationIsVisible = 0;
			defaultConfigurationName = Release;
		};
		05DE35E01A9254DA00B2BF70 /* Build configuration list for PBXNativeTarget "CoreMotion" */ = {
			isa = XCConfigurationList;
			buildConfigurations = (
				05DE35E11A9254DA00B2BF70 /* Debug */,
				05DE35E21A9254DA00B2BF70 /* Release */,
			);
			defaultConfigurationIsVisible = 0;
		};
		05DE35E31A9254DA00B2BF70 /* Build configuration list for PBXNativeTarget "CoreMotionTests" */ = {
			isa = XCConfigurationList;
			buildConfigurations = (
				05DE35E41A9254DA00B2BF70 /* Debug */,
				05DE35E51A9254DA00B2BF70 /* Release */,
			);
			defaultConfigurationIsVisible = 0;
		};
/* End XCConfigurationList section */

/* Begin XCVersionGroup section */
		05DE35C51A9254DA00B2BF70 /* CoreMotion.xcdatamodeld */ = {
			isa = XCVersionGroup;
			children = (
				05DE35C61A9254DA00B2BF70 /* CoreMotion.xcdatamodel */,
			);
			currentVersion = 05DE35C61A9254DA00B2BF70 /* CoreMotion.xcdatamodel */;
			path = CoreMotion.xcdatamodeld;
			sourceTree = "<group>";
			versionGroupType = wrapper.xcdatamodel;
		};
/* End XCVersionGroup section */
	};
	rootObject = 05DE35B61A9254DA00B2BF70 /* Project object */;
}
